
Microsoft Visual Studio Solution File, Format Version 12.00
# Visual Studio Version 16
VisualStudioVersion = 16.0.29911.84
MinimumVisualStudioVersion = 10.0.40219.1
Project("{FAE04EC0-301F-11D3-BF4B-00C04F79EFBC}") = "BukuTamu", "BukuTamu\BukuTamu.csproj", "{432F4EC1-1DC4-4B06-ADAB-09915F5C7BD5}"
EndProject
Global
	GlobalSection(SolutionConfigurationPlatforms) = preSolution
		Debug|Any CPU = Debug|Any CPU
		Release|Any CPU = Release|Any CPU
	EndGlobalSection
	GlobalSection(ProjectConfigurationPlatforms) = postSolution
		{432F4EC1-1DC4-4B06-ADAB-09915F5C7BD5}.Debug|Any CPU.ActiveCfg = Debug|Any CPU
		{432F4EC1-1DC4-4B06-ADAB-09915F5C7BD5}.Debug|Any CPU.Build.0 = Debug|Any CPU
		{432F4EC1-1DC4-4B06-ADAB-09915F5C7BD5}.Release|Any CPU.ActiveCfg = Release|Any CPU
		{432F4EC1-1DC4-4B06-ADAB-09915F5C7BD5}.Release|Any CPU.Build.0 = Release|Any CPU
	EndGlobalSection
	GlobalSection(SolutionProperties) = preSolution
		HideSolutionNode = FALSE
	EndGlobalSection
	GlobalSection(ExtensibilityGlobals) = postSolution
		SolutionGuid = {65A0A6BC-D141-45CF-ACF1-0C38A5E13EED}
	EndGlobalSection
EndGlobal
