
Microsoft Visual Studio Solution File, Format Version 12.00
# Visual Studio Version 16
VisualStudioVersion = 16.0.29911.84
MinimumVisualStudioVersion = 10.0.40219.1
Project("{FAE04EC0-301F-11D3-BF4B-00C04F79EFBC}") = "RestApiExample", "RestApiExample\RestApiExample.csproj", "{7FF1C172-F89A-4170-9217-0D51F3C100C6}"
EndProject
Global
	GlobalSection(SolutionConfigurationPlatforms) = preSolution
		Debug|Any CPU = Debug|Any CPU
		Release|Any CPU = Release|Any CPU
	EndGlobalSection
	GlobalSection(ProjectConfigurationPlatforms) = postSolution
		{7FF1C172-F89A-4170-9217-0D51F3C100C6}.Debug|Any CPU.ActiveCfg = Debug|Any CPU
		{7FF1C172-F89A-4170-9217-0D51F3C100C6}.Debug|Any CPU.Build.0 = Debug|Any CPU
		{7FF1C172-F89A-4170-9217-0D51F3C100C6}.Release|Any CPU.ActiveCfg = Release|Any CPU
		{7FF1C172-F89A-4170-9217-0D51F3C100C6}.Release|Any CPU.Build.0 = Release|Any CPU
	EndGlobalSection
	GlobalSection(SolutionProperties) = preSolution
		HideSolutionNode = FALSE
	EndGlobalSection
	GlobalSection(ExtensibilityGlobals) = postSolution
		SolutionGuid = {932AEC6D-9866-4421-87A2-05AE69F0E5DB}
	EndGlobalSection
EndGlobal
